Microsoft Visual Studio Solution File, Format Version 12.00
# Visual Studio 2013
VisualStudioVersion = 12.0.21005.1
MinimumVisualStudioVersion = 10.0.40219.1
Project("{FAE04EC0-301F-11D3-BF4B-00C04F79EFBC}") = "T183237", "T183237\T183237.csproj", "{F8D65870-E425-4441-A404-42B86B05131C}"
EndProject
Project("{FAE04EC0-301F-11D3-BF4B-00C04F79EFBC}") = "ClassLibrary1", "ClassLibrary1\ClassLibrary1.csproj", "{E7E6EABE-D729-4BC4-AE86-B1BB7876A8BE}"
EndProject
Global
	GlobalSection(SolutionConfigurationPlatforms) = preSolution
		Debug|Any CPU = Debug|Any CPU
		Release|Any CPU = Release|Any CPU
	EndGlobalSection
	GlobalSection(ProjectConfigurationPlatforms) = postSolution
		{F8D65870-E425-4441-A404-42B86B05131C}.Debug|Any CPU.ActiveCfg = Debug|Any CPU
		{F8D65870-E425-4441-A404-42B86B05131C}.Debug|Any CPU.Build.0 = Debug|Any CPU
		{F8D65870-E425-4441-A404-42B86B05131C}.Release|Any CPU.ActiveCfg = Release|Any CPU
		{F8D65870-E425-4441-A404-42B86B05131C}.Release|Any CPU.Build.0 = Release|Any CPU
		{E7E6EABE-D729-4BC4-AE86-B1BB7876A8BE}.Debug|Any CPU.ActiveCfg = Debug|Any CPU
		{E7E6EABE-D729-4BC4-AE86-B1BB7876A8BE}.Debug|Any CPU.Build.0 = Debug|Any CPU
		{E7E6EABE-D729-4BC4-AE86-B1BB7876A8BE}.Release|Any CPU.ActiveCfg = Release|Any CPU
		{E7E6EABE-D729-4BC4-AE86-B1BB7876A8BE}.Release|Any CPU.Build.0 = Release|Any CPU
	EndGlobalSection
	GlobalSection(SolutionProperties) = preSolution
		HideSolutionNode = FALSE
	EndGlobalSection
EndGlobal
